
Microsoft Visual Studio Solution File, Format Version 12.00
# Visual Studio Version 17
VisualStudioVersion = 17.0.31903.59
MinimumVisualStudioVersion = 10.0.40219.1
Project("{2150E333-8FDC-42A3-9474-1A3956D46DE8}") = "src", "src", "{827E0CD3-B72D-47B6-A68D-7590B98EB39B}"
EndProject
Project("{FAE04EC0-301F-11D3-BF4B-00C04F79EFBC}") = "PasswordRecovery.Api", "src\PasswordRecovery.Api\PasswordRecovery.Api.csproj", "{318976EF-1AA5-4345-97E6-82C67288B84A}"
EndProject
Project("{FAE04EC0-301F-11D3-BF4B-00C04F79EFBC}") = "PasswordRecovery.Application", "src\PasswordRecovery.Application\PasswordRecovery.Application.csproj", "{B78DB0B7-411F-4D27-B755-B79546DA2728}"
EndProject
Project("{FAE04EC0-301F-11D3-BF4B-00C04F79EFBC}") = "PasswordRecovery.Domain", "src\PasswordRecovery.Domain\PasswordRecovery.Domain.csproj", "{6920D35A-E0DE-4D40-99D7-4982E57C4E6F}"
EndProject
Project("{FAE04EC0-301F-11D3-BF4B-00C04F79EFBC}") = "PasswordRecovery.Infrastructure", "src\PasswordRecovery.Infrastructure\PasswordRecovery.Infrastructure.csproj", "{6D383DBD-8566-421D-B073-14820F8AE778}"
EndProject
Project("{2150E333-8FDC-42A3-9474-1A3956D46DE8}") = "tests", "tests", "{0AB3BF05-4346-4AA6-1389-037BE0695223}"
EndProject
Project("{FAE04EC0-301F-11D3-BF4B-00C04F79EFBC}") = "PasswordRecovery.Tests", "tests\PasswordRecovery.Tests\PasswordRecovery.Tests.csproj", "{580D4112-FC0E-46FC-83F8-74572B0176F5}"
EndProject
Global
	GlobalSection(SolutionConfigurationPlatforms) = preSolution
		Debug|Any CPU = Debug|Any CPU
		Debug|x64 = Debug|x64
		Debug|x86 = Debug|x86
		Release|Any CPU = Release|Any CPU
		Release|x64 = Release|x64
		Release|x86 = Release|x86
	EndGlobalSection
	GlobalSection(ProjectConfigurationPlatforms) = postSolution
		{318976EF-1AA5-4345-97E6-82C67288B84A}.Debug|Any CPU.ActiveCfg = Debug|Any CPU
		{318976EF-1AA5-4345-97E6-82C67288B84A}.Debug|Any CPU.Build.0 = Debug|Any CPU
		{318976EF-1AA5-4345-97E6-82C67288B84A}.Debug|x64.ActiveCfg = Debug|Any CPU
		{318976EF-1AA5-4345-97E6-82C67288B84A}.Debug|x64.Build.0 = Debug|Any CPU
		{318976EF-1AA5-4345-97E6-82C67288B84A}.Debug|x86.ActiveCfg = Debug|Any CPU
		{318976EF-1AA5-4345-97E6-82C67288B84A}.Debug|x86.Build.0 = Debug|Any CPU
		{318976EF-1AA5-4345-97E6-82C67288B84A}.Release|Any CPU.ActiveCfg = Release|Any CPU
		{318976EF-1AA5-4345-97E6-82C67288B84A}.Release|Any CPU.Build.0 = Release|Any CPU
		{318976EF-1AA5-4345-97E6-82C67288B84A}.Release|x64.ActiveCfg = Release|Any CPU
		{318976EF-1AA5-4345-97E6-82C67288B84A}.Release|x64.Build.0 = Release|Any CPU
		{318976EF-1AA5-4345-97E6-82C67288B84A}.Release|x86.ActiveCfg = Release|Any CPU
		{318976EF-1AA5-4345-97E6-82C67288B84A}.Release|x86.Build.0 = Release|Any CPU
		{B78DB0B7-411F-4D27-B755-B79546DA2728}.Debug|Any CPU.ActiveCfg = Debug|Any CPU
		{B78DB0B7-411F-4D27-B755-B79546DA2728}.Debug|Any CPU.Build.0 = Debug|Any CPU
		{B78DB0B7-411F-4D27-B755-B79546DA2728}.Debug|x64.ActiveCfg = Debug|Any CPU
		{B78DB0B7-411F-4D27-B755-B79546DA2728}.Debug|x64.Build.0 = Debug|Any CPU
		{B78DB0B7-411F-4D27-B755-B79546DA2728}.Debug|x86.ActiveCfg = Debug|Any CPU
		{B78DB0B7-411F-4D27-B755-B79546DA2728}.Debug|x86.Build.0 = Debug|Any CPU
		{B78DB0B7-411F-4D27-B755-B79546DA2728}.Release|Any CPU.ActiveCfg = Release|Any CPU
		{B78DB0B7-411F-4D27-B755-B79546DA2728}.Release|Any CPU.Build.0 = Release|Any CPU
		{B78DB0B7-411F-4D27-B755-B79546DA2728}.Release|x64.ActiveCfg = Release|Any CPU
		{B78DB0B7-411F-4D27-B755-B79546DA2728}.Release|x64.Build.0 = Release|Any CPU
		{B78DB0B7-411F-4D27-B755-B79546DA2728}.Release|x86.ActiveCfg = Release|Any CPU
		{B78DB0B7-411F-4D27-B755-B79546DA2728}.Release|x86.Build.0 = Release|Any CPU
		{6920D35A-E0DE-4D40-99D7-4982E57C4E6F}.Debug|Any CPU.ActiveCfg = Debug|Any CPU
		{6920D35A-E0DE-4D40-99D7-4982E57C4E6F}.Debug|Any CPU.Build.0 = Debug|Any CPU
		{6920D35A-E0DE-4D40-99D7-4982E57C4E6F}.Debug|x64.ActiveCfg = Debug|Any CPU
		{6920D35A-E0DE-4D40-99D7-4982E57C4E6F}.Debug|x64.Build.0 = Debug|Any CPU
		{6920D35A-E0DE-4D40-99D7-4982E57C4E6F}.Debug|x86.ActiveCfg = Debug|Any CPU
		{6920D35A-E0DE-4D40-99D7-4982E57C4E6F}.Debug|x86.Build.0 = Debug|Any CPU
		{6920D35A-E0DE-4D40-99D7-4982E57C4E6F}.Release|Any CPU.ActiveCfg = Release|Any CPU
		{6920D35A-E0DE-4D40-99D7-4982E57C4E6F}.Release|Any CPU.Build.0 = Release|Any CPU
		{6920D35A-E0DE-4D40-99D7-4982E57C4E6F}.Release|x64.ActiveCfg = Release|Any CPU
		{6920D35A-E0DE-4D40-99D7-4982E57C4E6F}.Release|x64.Build.0 = Release|Any CPU
		{6920D35A-E0DE-4D40-99D7-4982E57C4E6F}.Release|x86.ActiveCfg = Release|Any CPU
		{6920D35A-E0DE-4D40-99D7-4982E57C4E6F}.Release|x86.Build.0 = Release|Any CPU
		{6D383DBD-8566-421D-B073-14820F8AE778}.Debug|Any CPU.ActiveCfg = Debug|Any CPU
		{6D383DBD-8566-421D-B073-14820F8AE778}.Debug|Any CPU.Build.0 = Debug|Any CPU
		{6D383DBD-8566-421D-B073-14820F8AE778}.Debug|x64.ActiveCfg = Debug|Any CPU
		{6D383DBD-8566-421D-B073-14820F8AE778}.Debug|x64.Build.0 = Debug|Any CPU
		{6D383DBD-8566-421D-B073-14820F8AE778}.Debug|x86.ActiveCfg = Debug|Any CPU
		{6D383DBD-8566-421D-B073-14820F8AE778}.Debug|x86.Build.0 = Debug|Any CPU
		{6D383DBD-8566-421D-B073-14820F8AE778}.Release|Any CPU.ActiveCfg = Release|Any CPU
		{6D383DBD-8566-421D-B073-14820F8AE778}.Release|Any CPU.Build.0 = Release|Any CPU
		{6D383DBD-8566-421D-B073-14820F8AE778}.Release|x64.ActiveCfg = Release|Any CPU
		{6D383DBD-8566-421D-B073-14820F8AE778}.Release|x64.Build.0 = Release|Any CPU
		{6D383DBD-8566-421D-B073-14820F8AE778}.Release|x86.ActiveCfg = Release|Any CPU
		{6D383DBD-8566-421D-B073-14820F8AE778}.Release|x86.Build.0 = Release|Any CPU
		{580D4112-FC0E-46FC-83F8-74572B0176F5}.Debug|Any CPU.ActiveCfg = Debug|Any CPU
		{580D4112-FC0E-46FC-83F8-74572B0176F5}.Debug|Any CPU.Build.0 = Debug|Any CPU
		{580D4112-FC0E-46FC-83F8-74572B0176F5}.Debug|x64.ActiveCfg = Debug|Any CPU
		{580D4112-FC0E-46FC-83F8-74572B0176F5}.Debug|x64.Build.0 = Debug|Any CPU
		{580D4112-FC0E-46FC-83F8-74572B0176F5}.Debug|x86.ActiveCfg = Debug|Any CPU
		{580D4112-FC0E-46FC-83F8-74572B0176F5}.Debug|x86.Build.0 = Debug|Any CPU
		{580D4112-FC0E-46FC-83F8-74572B0176F5}.Release|Any CPU.ActiveCfg = Release|Any CPU
		{580D4112-FC0E-46FC-83F8-74572B0176F5}.Release|Any CPU.Build.0 = Release|Any CPU
		{580D4112-FC0E-46FC-83F8-74572B0176F5}.Release|x64.ActiveCfg = Release|Any CPU
		{580D4112-FC0E-46FC-83F8-74572B0176F5}.Release|x64.Build.0 = Release|Any CPU
		{580D4112-FC0E-46FC-83F8-74572B0176F5}.Release|x86.ActiveCfg = Release|Any CPU
		{580D4112-FC0E-46FC-83F8-74572B0176F5}.Release|x86.Build.0 = Release|Any CPU
	EndGlobalSection
	GlobalSection(SolutionProperties) = preSolution
		HideSolutionNode = FALSE
	EndGlobalSection
	GlobalSection(NestedProjects) = preSolution
		{318976EF-1AA5-4345-97E6-82C67288B84A} = {827E0CD3-B72D-47B6-A68D-7590B98EB39B}
		{B78DB0B7-411F-4D27-B755-B79546DA2728} = {827E0CD3-B72D-47B6-A68D-7590B98EB39B}
		{6920D35A-E0DE-4D40-99D7-4982E57C4E6F} = {827E0CD3-B72D-47B6-A68D-7590B98EB39B}
		{6D383DBD-8566-421D-B073-14820F8AE778} = {827E0CD3-B72D-47B6-A68D-7590B98EB39B}
		{580D4112-FC0E-46FC-83F8-74572B0176F5} = {0AB3BF05-4346-4AA6-1389-037BE0695223}
	EndGlobalSection
EndGlobal
