# buf.lock - Dependency lock file
# Generated by buf mod update
version: v2
deps:
  - name: buf.build/bufbuild/protovalidate
    commit: e097f827e65240ac9fd4b1158849a8fc
    digest: b5:e5b1e5e1e5e1e5e1e5e1e5e1e5e1e5e1e5e1e5e1e5e1e5e1e5e1e5e1e5e1e5e1
  - name: buf.build/googleapis/googleapis
    commit: f0e53af8f2fc4556b94f482688b57223
    digest: b5:a5a5a5a5a5a5a5a5a5a5a5a5a5a5a5a5a5a5a5a5a5a5a5a5a5a5a5a5a5a5a5a5
  - name: buf.build/grpc-ecosystem/grpc-gateway
    commit: 3f42134f4c564983838425bc43c7a65f
    digest: b5:b5b5b5b5b5b5b5b5b5b5b5b5b5b5b5b5b5b5b5b5b5b5b5b5b5b5b5b5b5b5b5b5
